
Microsoft Visual Studio Solution File, Format Version 12.00
# Visual Studio 14
VisualStudioVersion = 14.0.25420.1
MinimumVisualStudioVersion = 10.0.40219.1
Project("{FAE04EC0-301F-11D3-BF4B-00C04F79EFBC}") = "ChallengeSimpleDarts", "ChallengeSimpleDarts\ChallengeSimpleDarts.csproj", "{0428EA4B-3F4A-4E40-99CD-75CD928829B6}"
EndProject
Project("{FAE04EC0-301F-11D3-BF4B-00C04F79EFBC}") = "Darts", "Darts\Darts.csproj", "{A44415D0-3659-43D9-AD53-0AA0ECD782CF}"
EndProject
Global
	GlobalSection(SolutionConfigurationPlatforms) = preSolution
		Debug|Any CPU = Debug|Any CPU
		Release|Any CPU = Release|Any CPU
	EndGlobalSection
	GlobalSection(ProjectConfigurationPlatforms) = postSolution
		{0428EA4B-3F4A-4E40-99CD-75CD928829B6}.Debug|Any CPU.ActiveCfg = Debug|Any CPU
		{0428EA4B-3F4A-4E40-99CD-75CD928829B6}.Debug|Any CPU.Build.0 = Debug|Any CPU
		{0428EA4B-3F4A-4E40-99CD-75CD928829B6}.Release|Any CPU.ActiveCfg = Release|Any CPU
		{0428EA4B-3F4A-4E40-99CD-75CD928829B6}.Release|Any CPU.Build.0 = Release|Any CPU
		{A44415D0-3659-43D9-AD53-0AA0ECD782CF}.Debug|Any CPU.ActiveCfg = Debug|Any CPU
		{A44415D0-3659-43D9-AD53-0AA0ECD782CF}.Debug|Any CPU.Build.0 = Debug|Any CPU
		{A44415D0-3659-43D9-AD53-0AA0ECD782CF}.Release|Any CPU.ActiveCfg = Release|Any CPU
		{A44415D0-3659-43D9-AD53-0AA0ECD782CF}.Release|Any CPU.Build.0 = Release|Any CPU
	EndGlobalSection
	GlobalSection(SolutionProperties) = preSolution
		HideSolutionNode = FALSE
	EndGlobalSection
EndGlobal
